
Microsoft Visual Studio Solution File, Format Version 12.00
# Visual Studio Version 17
VisualStudioVersion = 17.14.36301.6 d17.14
MinimumVisualStudioVersion = 10.0.40219.1
Project("{FAE04EC0-301F-11D3-BF4B-00C04F79EFBC}") = "Task3", "Task3.csproj", "{36BA47B8-E230-4725-AAFA-4C64F786C854}"
EndProject
Global
	GlobalSection(SolutionConfigurationPlatforms) = preSolution
		Debug|Any CPU = Debug|Any CPU
		Release|Any CPU = Release|Any CPU
	EndGlobalSection
	GlobalSection(ProjectConfigurationPlatforms) = postSolution
		{36BA47B8-E230-4725-AAFA-4C64F786C854}.Debug|Any CPU.ActiveCfg = Debug|Any CPU
		{36BA47B8-E230-4725-AAFA-4C64F786C854}.Debug|Any CPU.Build.0 = Debug|Any CPU
		{36BA47B8-E230-4725-AAFA-4C64F786C854}.Release|Any CPU.ActiveCfg = Release|Any CPU
		{36BA47B8-E230-4725-AAFA-4C64F786C854}.Release|Any CPU.Build.0 = Release|Any CPU
	EndGlobalSection
	GlobalSection(SolutionProperties) = preSolution
		HideSolutionNode = FALSE
	EndGlobalSection
	GlobalSection(ExtensibilityGlobals) = postSolution
		SolutionGuid = {B9CD5AF4-278D-4284-88FA-644047150226}
	EndGlobalSection
EndGlobal
